
Microsoft Visual Studio Solution File, Format Version 12.00
# Visual Studio 15
VisualStudioVersion = 15.0.28307.852
MinimumVisualStudioVersion = 10.0.40219.1
Project("{9A19103F-16F7-4668-BE54-9A1E7A4F7556}") = "Cinema.API", "Cinema.API\Cinema.API.csproj", "{480615C7-E471-4E8E-B3F5-954A63C8C393}"
EndProject
Project("{9A19103F-16F7-4668-BE54-9A1E7A4F7556}") = "Cinema.DAL", "Cinema.DAL\Cinema.DAL.csproj", "{2EAFD271-DA59-43B5-8E47-4712005ED5FC}"
EndProject
Project("{9A19103F-16F7-4668-BE54-9A1E7A4F7556}") = "Cinema.BLL", "Cinema.BLL\Cinema.BLL.csproj", "{D9C37DA3-3E34-4D42-A573-ABD7ACA31585}"
EndProject
Project("{FAE04EC0-301F-11D3-BF4B-00C04F79EFBC}") = "Cinema.BLL.Test", "Cinema.BLL.Test\Cinema.BLL.Test.csproj", "{1B81ED6D-DF23-4252-8382-356188FB11C6}"
EndProject
Global
	GlobalSection(SolutionConfigurationPlatforms) = preSolution
		Debug|Any CPU = Debug|Any CPU
		Release|Any CPU = Release|Any CPU
	EndGlobalSection
	GlobalSection(ProjectConfigurationPlatforms) = postSolution
		{480615C7-E471-4E8E-B3F5-954A63C8C393}.Debug|Any CPU.ActiveCfg = Debug|Any CPU
		{480615C7-E471-4E8E-B3F5-954A63C8C393}.Debug|Any CPU.Build.0 = Debug|Any CPU
		{480615C7-E471-4E8E-B3F5-954A63C8C393}.Release|Any CPU.ActiveCfg = Release|Any CPU
		{480615C7-E471-4E8E-B3F5-954A63C8C393}.Release|Any CPU.Build.0 = Release|Any CPU
		{2EAFD271-DA59-43B5-8E47-4712005ED5FC}.Debug|Any CPU.ActiveCfg = Debug|Any CPU
		{2EAFD271-DA59-43B5-8E47-4712005ED5FC}.Debug|Any CPU.Build.0 = Debug|Any CPU
		{2EAFD271-DA59-43B5-8E47-4712005ED5FC}.Release|Any CPU.ActiveCfg = Release|Any CPU
		{2EAFD271-DA59-43B5-8E47-4712005ED5FC}.Release|Any CPU.Build.0 = Release|Any CPU
		{D9C37DA3-3E34-4D42-A573-ABD7ACA31585}.Debug|Any CPU.ActiveCfg = Debug|Any CPU
		{D9C37DA3-3E34-4D42-A573-ABD7ACA31585}.Debug|Any CPU.Build.0 = Debug|Any CPU
		{D9C37DA3-3E34-4D42-A573-ABD7ACA31585}.Release|Any CPU.ActiveCfg = Release|Any CPU
		{D9C37DA3-3E34-4D42-A573-ABD7ACA31585}.Release|Any CPU.Build.0 = Release|Any CPU
		{1B81ED6D-DF23-4252-8382-356188FB11C6}.Debug|Any CPU.ActiveCfg = Debug|Any CPU
		{1B81ED6D-DF23-4252-8382-356188FB11C6}.Debug|Any CPU.Build.0 = Debug|Any CPU
		{1B81ED6D-DF23-4252-8382-356188FB11C6}.Release|Any CPU.ActiveCfg = Release|Any CPU
		{1B81ED6D-DF23-4252-8382-356188FB11C6}.Release|Any CPU.Build.0 = Release|Any CPU
	EndGlobalSection
	GlobalSection(SolutionProperties) = preSolution
		HideSolutionNode = FALSE
	EndGlobalSection
	GlobalSection(ExtensibilityGlobals) = postSolution
		SolutionGuid = {BF3198AE-E5B7-4A5D-BB4D-DBAF2656F514}
	EndGlobalSection
EndGlobal
